
Microsoft Visual Studio Solution File, Format Version 12.00
# Visual Studio Version 17
VisualStudioVersion = 17.0.31903.59
MinimumVisualStudioVersion = 10.0.40219.1
Project("{FAE04EC0-301F-11D3-BF4B-00C04F79EFBC}") = "DevOpsDemo", "DevOpsDemo\DevOpsDemo.csproj", "{FFF71E89-984D-498E-B312-E09BDA9C9A54}"
EndProject
Project("{FAE04EC0-301F-11D3-BF4B-00C04F79EFBC}") = "DevOpsDemo.Test", "DevOpsDemo.Test\DevOpsDemo.Test.csproj", "{F11D817A-2BF5-49BB-B606-A20CB17E421E}"
EndProject
Global
	GlobalSection(SolutionConfigurationPlatforms) = preSolution
		Debug|Any CPU = Debug|Any CPU
		Release|Any CPU = Release|Any CPU
	EndGlobalSection
	GlobalSection(SolutionProperties) = preSolution
		HideSolutionNode = FALSE
	EndGlobalSection
	GlobalSection(ProjectConfigurationPlatforms) = postSolution
		{FFF71E89-984D-498E-B312-E09BDA9C9A54}.Debug|Any CPU.ActiveCfg = Debug|Any CPU
		{FFF71E89-984D-498E-B312-E09BDA9C9A54}.Debug|Any CPU.Build.0 = Debug|Any CPU
		{FFF71E89-984D-498E-B312-E09BDA9C9A54}.Release|Any CPU.ActiveCfg = Release|Any CPU
		{FFF71E89-984D-498E-B312-E09BDA9C9A54}.Release|Any CPU.Build.0 = Release|Any CPU
		{F11D817A-2BF5-49BB-B606-A20CB17E421E}.Debug|Any CPU.ActiveCfg = Debug|Any CPU
		{F11D817A-2BF5-49BB-B606-A20CB17E421E}.Debug|Any CPU.Build.0 = Debug|Any CPU
		{F11D817A-2BF5-49BB-B606-A20CB17E421E}.Release|Any CPU.ActiveCfg = Release|Any CPU
		{F11D817A-2BF5-49BB-B606-A20CB17E421E}.Release|Any CPU.Build.0 = Release|Any CPU
	EndGlobalSection
EndGlobal
